
Microsoft Visual Studio Solution File, Format Version 12.00
# Visual Studio Version 17
VisualStudioVersion = 17.5.33414.496
MinimumVisualStudioVersion = 10.0.40219.1
Project("{FAE04EC0-301F-11D3-BF4B-00C04F79EFBC}") = "Qr_Code_2_Wpf", "Qr_Code_2_Wpf\Qr_Code_2_Wpf.csproj", "{2A877C77-654F-47BF-A44D-16726A69F784}"
EndProject
Global
	GlobalSection(SolutionConfigurationPlatforms) = preSolution
		Debug|Any CPU = Debug|Any CPU
		Release|Any CPU = Release|Any CPU
	EndGlobalSection
	GlobalSection(ProjectConfigurationPlatforms) = postSolution
		{2A877C77-654F-47BF-A44D-16726A69F784}.Debug|Any CPU.ActiveCfg = Debug|Any CPU
		{2A877C77-654F-47BF-A44D-16726A69F784}.Debug|Any CPU.Build.0 = Debug|Any CPU
		{2A877C77-654F-47BF-A44D-16726A69F784}.Release|Any CPU.ActiveCfg = Release|Any CPU
		{2A877C77-654F-47BF-A44D-16726A69F784}.Release|Any CPU.Build.0 = Release|Any CPU
	EndGlobalSection
	GlobalSection(SolutionProperties) = preSolution
		HideSolutionNode = FALSE
	EndGlobalSection
	GlobalSection(ExtensibilityGlobals) = postSolution
		SolutionGuid = {FA411C1A-71EC-466F-9C61-0E8BD71D6DC9}
	EndGlobalSection
EndGlobal
